
Microsoft Visual Studio Solution File, Format Version 12.00
# Visual Studio Version 17
VisualStudioVersion = 17.5.002.0
MinimumVisualStudioVersion = 10.0.40219.1
Project("{2150E333-8FDC-42A3-9474-1A3956D46DE8}") = "src", "src", "{A169298E-E703-4039-943F-1E1A76F1DC33}"
EndProject
Project("{9A19103F-16F7-4668-BE54-9A1E7A4F7556}") = "RandomJumpscares", "src\RandomJumpscares\RandomJumpscares.csproj", "{BDE92CB6-522A-4EA4-B9FF-4A9141CF3DCD}"
EndProject
Global
	GlobalSection(SolutionConfigurationPlatforms) = preSolution
		Debug|Any CPU = Debug|Any CPU
		Release|Any CPU = Release|Any CPU
	EndGlobalSection
	GlobalSection(ProjectConfigurationPlatforms) = postSolution
		{BDE92CB6-522A-4EA4-B9FF-4A9141CF3DCD}.Debug|Any CPU.ActiveCfg = Debug|Any CPU
		{BDE92CB6-522A-4EA4-B9FF-4A9141CF3DCD}.Debug|Any CPU.Build.0 = Debug|Any CPU
		{BDE92CB6-522A-4EA4-B9FF-4A9141CF3DCD}.Release|Any CPU.ActiveCfg = Release|Any CPU
		{BDE92CB6-522A-4EA4-B9FF-4A9141CF3DCD}.Release|Any CPU.Build.0 = Release|Any CPU
	EndGlobalSection
	GlobalSection(SolutionProperties) = preSolution
		HideSolutionNode = FALSE
	EndGlobalSection
	GlobalSection(NestedProjects) = preSolution
		{BDE92CB6-522A-4EA4-B9FF-4A9141CF3DCD} = {A169298E-E703-4039-943F-1E1A76F1DC33}
	EndGlobalSection
	GlobalSection(ExtensibilityGlobals) = postSolution
		SolutionGuid = {92F6D475-68F0-44D6-A1AF-A28F5948E381}
	EndGlobalSection
EndGlobal
